
Microsoft Visual Studio Solution File, Format Version 12.00
# Visual Studio Version 17
VisualStudioVersion = 17.3.32929.385
MinimumVisualStudioVersion = 10.0.40219.1
Project("{FAE04EC0-301F-11D3-BF4B-00C04F79EFBC}") = "Sharp_14-10-2022_Forum_Class_Magazin", "Sharp_14-10-2022_Forum_Class_Magazin.csproj", "{D471FC83-C11C-4E28-99EF-AEC468A17189}"
EndProject
Global
	GlobalSection(SolutionConfigurationPlatforms) = preSolution
		Debug|Any CPU = Debug|Any CPU
		Release|Any CPU = Release|Any CPU
	EndGlobalSection
	GlobalSection(ProjectConfigurationPlatforms) = postSolution
		{D471FC83-C11C-4E28-99EF-AEC468A17189}.Debug|Any CPU.ActiveCfg = Debug|Any CPU
		{D471FC83-C11C-4E28-99EF-AEC468A17189}.Debug|Any CPU.Build.0 = Debug|Any CPU
		{D471FC83-C11C-4E28-99EF-AEC468A17189}.Release|Any CPU.ActiveCfg = Release|Any CPU
		{D471FC83-C11C-4E28-99EF-AEC468A17189}.Release|Any CPU.Build.0 = Release|Any CPU
	EndGlobalSection
	GlobalSection(SolutionProperties) = preSolution
		HideSolutionNode = FALSE
	EndGlobalSection
	GlobalSection(ExtensibilityGlobals) = postSolution
		SolutionGuid = {95E13C7A-EE4E-4212-B9F4-FDB7F9610CC3}
	EndGlobalSection
EndGlobal
